// !$*UTF8*$!
{
	archiveVersion = 1;
	classes = {
	};
	objectVersion = 46;
	objects = {

/* Begin PBXBuildFile section */
		1B1158387B93EEBEAC8B63B1 /* libPods-AIQKit-Example.a in Frameworks */ = {isa = PBXBuildFile; fileRef = B6DEEEA56A499268E8375137 /* libPods-AIQKit-Example.a */; };
		417897922010757900B7E02E /* LoginViewController.m in Sources */ = {isa = PBXBuildFile; fileRef = 417897912010757900B7E02E /* LoginViewController.m */; };
		417897952011844400B7E02E /* RegisterViewController.m in Sources */ = {isa = PBXBuildFile; fileRef = 417897942011844400B7E02E /* RegisterViewController.m */; };
		41E7BA642018876A00B80FB9 /* MessageViewController.m in Sources */ = {isa = PBXBuildFile; fileRef = 41E7BA632018876A00B80FB9 /* MessageViewController.m */; };
		7C6AACF11AF85499004D52A7 /* main.m in Sources */ = {isa = PBXBuildFile; fileRef = 7C6AACF01AF85499004D52A7 /* main.m */; };
		7C6AACF41AF85499004D52A7 /* AppDelegate.m in Sources */ = {isa = PBXBuildFile; fileRef = 7C6AACF31AF85499004D52A7 /* AppDelegate.m */; };
		7C6AACF71AF85499004D52A7 /* ViewController.m in Sources */ = {isa = PBXBuildFile; fileRef = 7C6AACF61AF85499004D52A7 /* ViewController.m */; };
		7C6AACFA1AF85499004D52A7 /* Main.storyboard in Resources */ = {isa = PBXBuildFile; fileRef = 7C6AACF81AF85499004D52A7 /* Main.storyboard */; };
		7C6AACFC1AF85499004D52A7 /* Images.xcassets in Resources */ = {isa = PBXBuildFile; fileRef = 7C6AACFB1AF85499004D52A7 /* Images.xcassets */; };
		7C6AACFF1AF85499004D52A7 /* LaunchScreen.xib in Resources */ = {isa = PBXBuildFile; fileRef = 7C6AACFD1AF85499004D52A7 /* LaunchScreen.xib */; };
/* End PBXBuildFile section */

/* Begin PBXFileReference section */
		02025D2FA62B8C2E77B81F65 /* Pods-AIQKit-Example.release_fromscanner.xcconfig */ = {isa = PBXFileReference; includeInIndex = 1; lastKnownFileType = text.xcconfig; name = "Pods-AIQKit-Example.release_fromscanner.xcconfig"; path = "Pods/Target Support Files/Pods-AIQKit-Example/Pods-AIQKit-Example.release_fromscanner.xcconfig"; sourceTree = "<group>"; };
		0DEC7EB3985064501B10D23E /* Pods-AIQKit-Example.release_fromphotoalbum.xcconfig */ = {isa = PBXFileReference; includeInIndex = 1; lastKnownFileType = text.xcconfig; name = "Pods-AIQKit-Example.release_fromphotoalbum.xcconfig"; path = "Pods/Target Support Files/Pods-AIQKit-Example/Pods-AIQKit-Example.release_fromphotoalbum.xcconfig"; sourceTree = "<group>"; };
		0EB1CA76A25FF5D27D699698 /* Pods-AIQKit-Example.debug_fromscanner.xcconfig */ = {isa = PBXFileReference; includeInIndex = 1; lastKnownFileType = text.xcconfig; name = "Pods-AIQKit-Example.debug_fromscanner.xcconfig"; path = "Pods/Target Support Files/Pods-AIQKit-Example/Pods-AIQKit-Example.debug_fromscanner.xcconfig"; sourceTree = "<group>"; };
		238D44CF908EDA919AF876A2 /* Pods-iQKit-Example.debug.xcconfig */ = {isa = PBXFileReference; includeInIndex = 1; lastKnownFileType = text.xcconfig; name = "Pods-AIQKit-Example.debug.xcconfig"; path = "Pods/Target Support Files/Pods-AIQKit-Example/Pods-AIQKit-Example.debug.xcconfig"; sourceTree = "<group>"; };
		24494DFB3808090ACE650FDC /* Pods-AIQKit-Example.release.xcconfig */ = {isa = PBXFileReference; includeInIndex = 1; lastKnownFileType = text.xcconfig; name = "Pods-AIQKit-Example.release.xcconfig"; path = "Pods/Target Support Files/Pods-AIQKit-Example/Pods-AIQKit-Example.release.xcconfig"; sourceTree = "<group>"; };
		30912EF4F2BB3C8F7F92CFAA /* libPods-AIQKit-Example.a */ = {isa = PBXFileReference; explicitFileType = archive.ar; includeInIndex = 0; path = "libPods-AIQKit-Example.a"; sourceTree = BUILT_PRODUCTS_DIR; };
		417897902010757900B7E02E /* LoginViewController.h */ = {isa = PBXFileReference; lastKnownFileType = sourcecode.c.h; path = LoginViewController.h; sourceTree = "<group>"; };
		417897912010757900B7E02E /* LoginViewController.m */ = {isa = PBXFileReference; lastKnownFileType = sourcecode.c.objc; path = LoginViewController.m; sourceTree = "<group>"; };
		417897932011844400B7E02E /* RegisterViewController.h */ = {isa = PBXFileReference; lastKnownFileType = sourcecode.c.h; path = RegisterViewController.h; sourceTree = "<group>"; };
		417897942011844400B7E02E /* RegisterViewController.m */ = {isa = PBXFileReference; lastKnownFileType = sourcecode.c.objc; path = RegisterViewController.m; sourceTree = "<group>"; };
		41E7BA622018876A00B80FB9 /* MessageViewController.h */ = {isa = PBXFileReference; lastKnownFileType = sourcecode.c.h; path = MessageViewController.h; sourceTree = "<group>"; };
		41E7BA632018876A00B80FB9 /* MessageViewController.m */ = {isa = PBXFileReference; lastKnownFileType = sourcecode.c.objc; path = MessageViewController.m; sourceTree = "<group>"; };
		78119DC4B6E9CE255BDDA42D /* Pods-AIQKit-Example.debug_fromphotoalbum.xcconfig */ = {isa = PBXFileReference; includeInIndex = 1; lastKnownFileType = text.xcconfig; name = "Pods-AIQKit-Example.debug_fromphotoalbum.xcconfig"; path = "Pods/Target Support Files/Pods-AIQKit-Example/Pods-AIQKit-Example.debug_fromphotoalbum.xcconfig"; sourceTree = "<group>"; };
		7C6AACEB1AF85499004D52A7 /* AIQKit-Example.app */ = {isa = PBXFileReference; explicitFileType = wrapper.application; includeInIndex = 0; path = "AIQKit-Example.app"; sourceTree = BUILT_PRODUCTS_DIR; };
		7C6AACEF1AF85499004D52A7 /* Info.plist */ = {isa = PBXFileReference; lastKnownFileType = text.plist.xml; path = Info.plist; sourceTree = "<group>"; };
		7C6AACF01AF85499004D52A7 /* main.m */ = {isa = PBXFileReference; lastKnownFileType = sourcecode.c.objc; path = main.m; sourceTree = "<group>"; };
		7C6AACF21AF85499004D52A7 /* AppDelegate.h */ = {isa = PBXFileReference; lastKnownFileType = sourcecode.c.h; path = AppDelegate.h; sourceTree = "<group>"; };
		7C6AACF31AF85499004D52A7 /* AppDelegate.m */ = {isa = PBXFileReference; lastKnownFileType = sourcecode.c.objc; path = AppDelegate.m; sourceTree = "<group>"; };
		7C6AACF51AF85499004D52A7 /* ViewController.h */ = {isa = PBXFileReference; lastKnownFileType = sourcecode.c.h; path = ViewController.h; sourceTree = "<group>"; };
		7C6AACF61AF85499004D52A7 /* ViewController.m */ = {isa = PBXFileReference; lastKnownFileType = sourcecode.c.objc; path = ViewController.m; sourceTree = "<group>"; };
		7C6AACF91AF85499004D52A7 /* Base */ = {isa = PBXFileReference; lastKnownFileType = file.storyboard; name = Base; path = Base.lproj/Main.storyboard; sourceTree = "<group>"; };
		7C6AACFB1AF85499004D52A7 /* Images.xcassets */ = {isa = PBXFileReference; lastKnownFileType = folder.assetcatalog; path = Images.xcassets; sourceTree = "<group>"; };
		7C6AACFE1AF85499004D52A7 /* Base */ = {isa = PBXFileReference; lastKnownFileType = file.xib; name = Base; path = Base.lproj/LaunchScreen.xib; sourceTree = "<group>"; };
		B012C4401B0EA5DC22B2F871 /* Pods-AIQKit-Example.debug_fromcamera.xcconfig */ = {isa = PBXFileReference; includeInIndex = 1; lastKnownFileType = text.xcconfig; name = "Pods-AIQKit-Example.debug_fromcamera.xcconfig"; path = "Pods/Target Support Files/Pods-AIQKit-Example/Pods-AIQKit-Example.debug_fromcamera.xcconfig"; sourceTree = "<group>"; };
		B6DEEEA56A499268E8375137 /* libPods-AIQKit-Example.a */ = {isa = PBXFileReference; explicitFileType = archive.ar; includeInIndex = 0; path = "libPods-AIQKit-Example.a"; sourceTree = BUILT_PRODUCTS_DIR; };
		B82DBA97002BBF400BD122E9 /* Pods-AIQKit-Example.release_fromcamera.xcconfig */ = {isa = PBXFileReference; includeInIndex = 1; lastKnownFileType = text.xcconfig; name = "Pods-AIQKit-Example.release_fromcamera.xcconfig"; path = "Pods/Target Support Files/Pods-AIQKit-Example/Pods-AIQKit-Example.release_fromcamera.xcconfig"; sourceTree = "<group>"; };
/* End PBXFileReference section */

/* Begin PBXFrameworksBuildPhase section */
		7C6AACE81AF85499004D52A7 /* Frameworks */ = {
			isa = PBXFrameworksBuildPhase;
			buildActionMask = 2147483647;
			files = (
				1B1158387B93EEBEAC8B63B1 /* libPods-AIQKit-Example.a in Frameworks */,
			);
			runOnlyForDeploymentPostprocessing = 0;
		};
/* End PBXFrameworksBuildPhase section */

/* Begin PBXGroup section */
		7C6AACE21AF85499004D52A7 = {
			isa = PBXGroup;
			children = (
				7C6AACED1AF85499004D52A7 /* AIQKit-Example */,
				7C6AACEC1AF85499004D52A7 /* Products */,
				AD1B6237502468D25E71B2C5 /* Pods */,
				BCB1441CF6AA36589EB468BC /* Frameworks */,
			);
			sourceTree = "<group>";
		};
		7C6AACEC1AF85499004D52A7 /* Products */ = {
			isa = PBXGroup;
			children = (
				7C6AACEB1AF85499004D52A7 /* AIQKit-Example.app */,
			);
			name = Products;
			sourceTree = "<group>";
		};
		7C6AACED1AF85499004D52A7 /* AIQKit-Example */ = {
			isa = PBXGroup;
			children = (
				7C6AACF21AF85499004D52A7 /* AppDelegate.h */,
				7C6AACF31AF85499004D52A7 /* AppDelegate.m */,
				7C6AACF51AF85499004D52A7 /* ViewController.h */,
				7C6AACF61AF85499004D52A7 /* ViewController.m */,
				7C6AACF81AF85499004D52A7 /* Main.storyboard */,
				41E7BA622018876A00B80FB9 /* MessageViewController.h */,
				41E7BA632018876A00B80FB9 /* MessageViewController.m */,
				417897932011844400B7E02E /* RegisterViewController.h */,
				417897942011844400B7E02E /* RegisterViewController.m */,
				417897902010757900B7E02E /* LoginViewController.h */,
				417897912010757900B7E02E /* LoginViewController.m */,
				7C6AACFB1AF85499004D52A7 /* Images.xcassets */,
				7C6AACFD1AF85499004D52A7 /* LaunchScreen.xib */,
				7C6AACEE1AF85499004D52A7 /* Supporting Files */,
			);
			path = "AIQKit-Example";
			sourceTree = "<group>";
		};
		7C6AACEE1AF85499004D52A7 /* Supporting Files */ = {
			isa = PBXGroup;
			children = (
				7C6AACEF1AF85499004D52A7 /* Info.plist */,
				7C6AACF01AF85499004D52A7 /* main.m */,
			);
			name = "Supporting Files";
			sourceTree = "<group>";
		};
		AD1B6237502468D25E71B2C5 /* Pods */ = {
			isa = PBXGroup;
			children = (
				238D44CF908EDA919AF876A2 /* Pods-AIQKit-Example.debug.xcconfig */,
				24494DFB3808090ACE650FDC /* Pods-AIQKit-Example.release.xcconfig */,
				B012C4401B0EA5DC22B2F871 /* Pods-AIQKit-Example.debug_fromcamera.xcconfig */,
				78119DC4B6E9CE255BDDA42D /* Pods-AIQKit-Example.debug_fromphotoalbum.xcconfig */,
				0EB1CA76A25FF5D27D699698 /* Pods-AIQKit-Example.debug_fromscanner.xcconfig */,
				B82DBA97002BBF400BD122E9 /* Pods-AIQKit-Example.release_fromcamera.xcconfig */,
				0DEC7EB3985064501B10D23E /* Pods-AIQKit-Example.release_fromphotoalbum.xcconfig */,
				02025D2FA62B8C2E77B81F65 /* Pods-AIQKit-Example.release_fromscanner.xcconfig */,
			);
			name = Pods;
			sourceTree = "<group>";
		};
		BCB1441CF6AA36589EB468BC /* Frameworks */ = {
			isa = PBXGroup;
			children = (
				30912EF4F2BB3C8F7F92CFAA /* libPods-AIQKit-Example.a */,
				B6DEEEA56A499268E8375137 /* libPods-AIQKit-Example.a */,
			);
			name = Frameworks;
			sourceTree = "<group>";
		};
/* End PBXGroup section */

/* Begin PBXNativeTarget section */
		7C6AACEA1AF85499004D52A7 /* AIQKit-Example */ = {
			isa = PBXNativeTarget;
			buildConfigurationList = 7C6AAD0E1AF85499004D52A7 /* Build configuration list for PBXNativeTarget "AIQKit-Example" */;
			buildPhases = (
				92A290049266B42F74EEF997 /* [CP] Check Pods Manifest.lock */,
				7C6AACE71AF85499004D52A7 /* Sources */,
				7C6AACE81AF85499004D52A7 /* Frameworks */,
				7C6AACE91AF85499004D52A7 /* Resources */,
				C94DF4654647B6E1BB1F33C5 /* [CP] Embed Pods Frameworks */,
				D620084F65CC9F4F7D546898 /* [CP] Copy Pods Resources */,
			);
			buildRules = (
			);
			dependencies = (
			);
			name = "AIQKit-Example";
			productName = "AIQKit-Example";
			productReference = 7C6AACEB1AF85499004D52A7 /* AIQKit-Example.app */;
			productType = "com.apple.product-type.application";
		};
/* End PBXNativeTarget section */

/* Begin PBXProject section */
		7C6AACE31AF85499004D52A7 /* Project object */ = {
			isa = PBXProject;
			attributes = {
				LastUpgradeCheck = 0830;
				ORGANIZATIONNAME = iQNECT;
				TargetAttributes = {
					7C6AACEA1AF85499004D52A7 = {
						CreatedOnToolsVersion = 6.3.1;
						DevelopmentTeam = 9F5S9B68X4;
					};
				};
			};
			buildConfigurationList = 7C6AACE61AF85499004D52A7 /* Build configuration list for PBXProject "AIQKit-Example" */;
			compatibilityVersion = "Xcode 3.2";
			developmentRegion = English;
			hasScannedForEncodings = 0;
			knownRegions = (
				en,
				Base,
			);
			mainGroup = 7C6AACE21AF85499004D52A7;
			productRefGroup = 7C6AACEC1AF85499004D52A7 /* Products */;
			projectDirPath = "";
			projectRoot = "";
			targets = (
				7C6AACEA1AF85499004D52A7 /* AIQKit-Example */,
			);
		};
/* End PBXProject section */

/* Begin PBXResourcesBuildPhase section */
		7C6AACE91AF85499004D52A7 /* Resources */ = {
			isa = PBXResourcesBuildPhase;
			buildActionMask = 2147483647;
			files = (
				7C6AACFA1AF85499004D52A7 /* Main.storyboard in Resources */,
				7C6AACFF1AF85499004D52A7 /* LaunchScreen.xib in Resources */,
				7C6AACFC1AF85499004D52A7 /* Images.xcassets in Resources */,
			);
			runOnlyForDeploymentPostprocessing = 0;
		};
/* End PBXResourcesBuildPhase section */

/* Begin PBXShellScriptBuildPhase section */
		92A290049266B42F74EEF997 /* [CP] Check Pods Manifest.lock */ = {
			isa = PBXShellScriptBuildPhase;
			buildActionMask = 2147483647;
			files = (
			);
			inputPaths = (
				"${PODS_PODFILE_DIR_PATH}/Podfile.lock",
				"${PODS_ROOT}/Manifest.lock",
			);
			name = "[CP] Check Pods Manifest.lock";
			outputPaths = (
				"$(DERIVED_FILE_DIR)/Pods-AIQKit-Example-checkManifestLockResult.txt",
			);
			runOnlyForDeploymentPostprocessing = 0;
			shellPath = /bin/sh;
			shellScript = "diff \"${PODS_PODFILE_DIR_PATH}/Podfile.lock\" \"${PODS_ROOT}/Manifest.lock\" > /dev/null\nif [ $? != 0 ] ; then\n    # print error to STDERR\n    echo \"error: The sandbox is not in sync with the Podfile.lock. Run 'pod install' or update your CocoaPods installation.\" >&2\n    exit 1\nfi\n# This output is used by Xcode 'outputs' to avoid re-running this script phase.\necho \"SUCCESS\" > \"${SCRIPT_OUTPUT_FILE_0}\"\n";
			showEnvVarsInLog = 0;
		};
		C94DF4654647B6E1BB1F33C5 /* [CP] Embed Pods Frameworks */ = {
			isa = PBXShellScriptBuildPhase;
			buildActionMask = 2147483647;
			files = (
			);
			inputPaths = (
			);
			name = "[CP] Embed Pods Frameworks";
			outputPaths = (
			);
			runOnlyForDeploymentPostprocessing = 0;
			shellPath = /bin/sh;
			shellScript = "\"${SRCROOT}/Pods/Target Support Files/Pods-AIQKit-Example/Pods-AIQKit-Example-frameworks.sh\"\n";
			showEnvVarsInLog = 0;
		};
		D620084F65CC9F4F7D546898 /* [CP] Copy Pods Resources */ = {
			isa = PBXShellScriptBuildPhase;
			buildActionMask = 2147483647;
			files = (
			);
			inputPaths = (
				"${SRCROOT}/Pods/Target Support Files/Pods-AIQKit-Example/Pods-AIQKit-Example-resources.sh",
				"${PODS_ROOT}/AIQKit/iQKit/iQKitResources.bundle",
				"${PODS_ROOT}/FBSDKCoreKit/FacebookSDKStrings.bundle",
				"${PODS_ROOT}/SVProgressHUD/SVProgressHUD/SVProgressHUD.bundle",
				"${PODS_ROOT}/SVWebViewController/SVWebViewController/SVWebViewController.bundle/SVWebViewControllerBack.png",
				"${PODS_ROOT}/SVWebViewController/SVWebViewController/SVWebViewController.bundle/SVWebViewControllerBack@2x.png",
				"${PODS_ROOT}/SVWebViewController/SVWebViewController/SVWebViewController.bundle/SVWebViewControllerNext.png",
				"${PODS_ROOT}/SVWebViewController/SVWebViewController/SVWebViewController.bundle/SVWebViewControllerNext@2x.png",
				"${PODS_ROOT}/SVWebViewController/SVWebViewController/UIActivities/Chrome/SVWebViewControllerActivityChrome-iPad.png",
				"${PODS_ROOT}/SVWebViewController/SVWebViewController/UIActivities/Chrome/SVWebViewControllerActivityChrome-iPad@2x.png",
				"${PODS_ROOT}/SVWebViewController/SVWebViewController/UIActivities/Chrome/SVWebViewControllerActivityChrome@2x.png",
				"${PODS_ROOT}/SVWebViewController/SVWebViewController/UIActivities/Safari/SVWebViewControllerActivitySafari-iPad.png",
				"${PODS_ROOT}/SVWebViewController/SVWebViewController/UIActivities/Safari/SVWebViewControllerActivitySafari-iPad@2x.png",
				"${PODS_ROOT}/SVWebViewController/SVWebViewController/UIActivities/Safari/SVWebViewControllerActivitySafari@2x.png",
				"${PODS_ROOT}/SVWebViewController/SVWebViewController/SVWebViewController.bundle",
			);
			name = "[CP] Copy Pods Resources";
			outputPaths = (
				"${TARGET_BUILD_DIR}/${UNLOCALIZED_RESOURCES_FOLDER_PATH}/iQKitResources.bundle",
				"${TARGET_BUILD_DIR}/${UNLOCALIZED_RESOURCES_FOLDER_PATH}/FacebookSDKStrings.bundle",
				"${TARGET_BUILD_DIR}/${UNLOCALIZED_RESOURCES_FOLDER_PATH}/SVProgressHUD.bundle",
				"${TARGET_BUILD_DIR}/${UNLOCALIZED_RESOURCES_FOLDER_PATH}/SVWebViewControllerBack.png",
				"${TARGET_BUILD_DIR}/${UNLOCALIZED_RESOURCES_FOLDER_PATH}/SVWebViewControllerBack@2x.png",
				"${TARGET_BUILD_DIR}/${UNLOCALIZED_RESOURCES_FOLDER_PATH}/SVWebViewControllerNext.png",
				"${TARGET_BUILD_DIR}/${UNLOCALIZED_RESOURCES_FOLDER_PATH}/SVWebViewControllerNext@2x.png",
				"${TARGET_BUILD_DIR}/${UNLOCALIZED_RESOURCES_FOLDER_PATH}/SVWebViewControllerActivityChrome-iPad.png",
				"${TARGET_BUILD_DIR}/${UNLOCALIZED_RESOURCES_FOLDER_PATH}/SVWebViewControllerActivityChrome-iPad@2x.png",
				"${TARGET_BUILD_DIR}/${UNLOCALIZED_RESOURCES_FOLDER_PATH}/SVWebViewControllerActivityChrome@2x.png",
				"${TARGET_BUILD_DIR}/${UNLOCALIZED_RESOURCES_FOLDER_PATH}/SVWebViewControllerActivitySafari-iPad.png",
				"${TARGET_BUILD_DIR}/${UNLOCALIZED_RESOURCES_FOLDER_PATH}/SVWebViewControllerActivitySafari-iPad@2x.png",
				"${TARGET_BUILD_DIR}/${UNLOCALIZED_RESOURCES_FOLDER_PATH}/SVWebViewControllerActivitySafari@2x.png",
				"${TARGET_BUILD_DIR}/${UNLOCALIZED_RESOURCES_FOLDER_PATH}/SVWebViewController.bundle",
			);
			runOnlyForDeploymentPostprocessing = 0;
			shellPath = /bin/sh;
			shellScript = "\"${SRCROOT}/Pods/Target Support Files/Pods-AIQKit-Example/Pods-AIQKit-Example-resources.sh\"\n";
			showEnvVarsInLog = 0;
		};
/* End PBXShellScriptBuildPhase section */

/* Begin PBXSourcesBuildPhase section */
		7C6AACE71AF85499004D52A7 /* Sources */ = {
			isa = PBXSourcesBuildPhase;
			buildActionMask = 2147483647;
			files = (
				41E7BA642018876A00B80FB9 /* MessageViewController.m in Sources */,
				417897952011844400B7E02E /* RegisterViewController.m in Sources */,
				417897922010757900B7E02E /* LoginViewController.m in Sources */,
				7C6AACF71AF85499004D52A7 /* ViewController.m in Sources */,
				7C6AACF41AF85499004D52A7 /* AppDelegate.m in Sources */,
				7C6AACF11AF85499004D52A7 /* main.m in Sources */,
			);
			runOnlyForDeploymentPostprocessing = 0;
		};
/* End PBXSourcesBuildPhase section */

/* Begin PBXVariantGroup section */
		7C6AACF81AF85499004D52A7 /* Main.storyboard */ = {
			isa = PBXVariantGroup;
			children = (
				7C6AACF91AF85499004D52A7 /* Base */,
			);
			name = Main.storyboard;
			sourceTree = "<group>";
		};
		7C6AACFD1AF85499004D52A7 /* LaunchScreen.xib */ = {
			isa = PBXVariantGroup;
			children = (
				7C6AACFE1AF85499004D52A7 /* Base */,
			);
			name = LaunchScreen.xib;
			sourceTree = "<group>";
		};
/* End PBXVariantGroup section */

/* Begin XCBuildConfiguration section */
		417854FD205F97CF00B8E294 /* Debug_FromScanner */ = {
			isa = XCBuildConfiguration;
			buildSettings = {
				ALWAYS_SEARCH_USER_PATHS = NO;
				Bundle_Display_Name = AIQKit_Scanner;
				Bundle_ID = "tech.aiq.AIQKit-Example.FromScanner";
				CLANG_CXX_LANGUAGE_STANDARD = "gnu++0x";
				CLANG_CXX_LIBRARY = "libc++";
				CLANG_ENABLE_MODULES = YES;
				CLANG_ENABLE_OBJC_ARC = YES;
				CLANG_WARN_BOOL_CONVERSION = YES;
				CLANG_WARN_CONSTANT_CONVERSION = YES;
				CLANG_WARN_DIRECT_OBJC_ISA_USAGE = YES_ERROR;
				CLANG_WARN_EMPTY_BODY = YES;
				CLANG_WARN_ENUM_CONVERSION = YES;
				CLANG_WARN_INFINITE_RECURSION = YES;
				CLANG_WARN_INT_CONVERSION = YES;
				CLANG_WARN_OBJC_ROOT_CLASS = YES_ERROR;
				CLANG_WARN_SUSPICIOUS_MOVE = YES;
				CLANG_WARN_UNREACHABLE_CODE = YES;
				CLANG_WARN__DUPLICATE_METHOD_MATCH = YES;
				"CODE_SIGN_IDENTITY[sdk=iphoneos*]" = "iPhone Developer";
				COPY_PHASE_STRIP = NO;
				DEBUG_INFORMATION_FORMAT = "dwarf-with-dsym";
				ENABLE_STRICT_OBJC_MSGSEND = YES;
				ENABLE_TESTABILITY = YES;
				GCC_C_LANGUAGE_STANDARD = gnu99;
				GCC_DYNAMIC_NO_PIC = NO;
				GCC_NO_COMMON_BLOCKS = YES;
				GCC_OPTIMIZATION_LEVEL = 0;
				GCC_PREPROCESSOR_DEFINITIONS = (
					"DEBUG=1",
					"$(inherited)",
					"IMAGESOURCE=\"$(IMAGE_SOURCE)\"",
				);
				GCC_SYMBOLS_PRIVATE_EXTERN = NO;
				GCC_WARN_64_TO_32_BIT_CONVERSION = YES;
				GCC_WARN_ABOUT_RETURN_TYPE = YES_ERROR;
				GCC_WARN_UNDECLARED_SELECTOR = YES;
				GCC_WARN_UNINITIALIZED_AUTOS = YES_AGGRESSIVE;
				GCC_WARN_UNUSED_FUNCTION = YES;
				GCC_WARN_UNUSED_VARIABLE = YES;
				IMAGE_SOURCE = 3;
				IPHONEOS_DEPLOYMENT_TARGET = 8.3;
				MTL_ENABLE_DEBUG_INFO = YES;
				ONLY_ACTIVE_ARCH = YES;
				SDKROOT = iphoneos;
			};
			name = Debug_FromScanner;
		};
		417854FE205F97CF00B8E294 /* Debug_FromScanner */ = {
			isa = XCBuildConfiguration;
			baseConfigurationReference = 0EB1CA76A25FF5D27D699698 /* Pods-AIQKit-Example.debug_fromscanner.xcconfig */;
			buildSettings = {
				ASSETCATALOG_COMPILER_APPICON_NAME = AppIcon;
				CODE_SIGN_IDENTITY = "iPhone Developer";
				DEVELOPMENT_TEAM = 9F5S9B68X4;
				ENABLE_BITCODE = NO;
				INFOPLIST_FILE = "AIQKit-Example/Info.plist";
				LD_RUNPATH_SEARCH_PATHS = "$(inherited) @executable_path/Frameworks";
				PRODUCT_BUNDLE_IDENTIFIER = "tech.aiq.AIQKit-Example-FromScanner";
				PRODUCT_NAME = "$(TARGET_NAME)";
			};
			name = Debug_FromScanner;
		};
		417854FF205F97E800B8E294 /* Release_FromScanner */ = {
			isa = XCBuildConfiguration;
			buildSettings = {
				ALWAYS_SEARCH_USER_PATHS = NO;
				Bundle_Display_Name = AIQKit_Scanner;
				Bundle_ID = "tech.aiq.AIQKit-Example.FromScanner";
				CLANG_CXX_LANGUAGE_STANDARD = "gnu++0x";
				CLANG_CXX_LIBRARY = "libc++";
				CLANG_ENABLE_MODULES = YES;
				CLANG_ENABLE_OBJC_ARC = YES;
				CLANG_WARN_BOOL_CONVERSION = YES;
				CLANG_WARN_CONSTANT_CONVERSION = YES;
				CLANG_WARN_DIRECT_OBJC_ISA_USAGE = YES_ERROR;
				CLANG_WARN_EMPTY_BODY = YES;
				CLANG_WARN_ENUM_CONVERSION = YES;
				CLANG_WARN_INFINITE_RECURSION = YES;
				CLANG_WARN_INT_CONVERSION = YES;
				CLANG_WARN_OBJC_ROOT_CLASS = YES_ERROR;
				CLANG_WARN_SUSPICIOUS_MOVE = YES;
				CLANG_WARN_UNREACHABLE_CODE = YES;
				CLANG_WARN__DUPLICATE_METHOD_MATCH = YES;
				"CODE_SIGN_IDENTITY[sdk=iphoneos*]" = "iPhone Distribution";
				COPY_PHASE_STRIP = NO;
				DEBUG_INFORMATION_FORMAT = "dwarf-with-dsym";
				ENABLE_NS_ASSERTIONS = NO;
				ENABLE_STRICT_OBJC_MSGSEND = YES;
				GCC_C_LANGUAGE_STANDARD = gnu99;
				GCC_NO_COMMON_BLOCKS = YES;
				GCC_PREPROCESSOR_DEFINITIONS = "IMAGESOURCE=\"$(IMAGE_SOURCE)\"";
				GCC_WARN_64_TO_32_BIT_CONVERSION = YES;
				GCC_WARN_ABOUT_RETURN_TYPE = YES_ERROR;
				GCC_WARN_UNDECLARED_SELECTOR = YES;
				GCC_WARN_UNINITIALIZED_AUTOS = YES_AGGRESSIVE;
				GCC_WARN_UNUSED_FUNCTION = YES;
				GCC_WARN_UNUSED_VARIABLE = YES;
				IMAGE_SOURCE = 3;
				IPHONEOS_DEPLOYMENT_TARGET = 8.3;
				MTL_ENABLE_DEBUG_INFO = NO;
				SDKROOT = iphoneos;
				VALIDATE_PRODUCT = YES;
			};
			name = Release_FromScanner;
		};
		41785500205F97E800B8E294 /* Release_FromScanner */ = {
			isa = XCBuildConfiguration;
			baseConfigurationReference = 02025D2FA62B8C2E77B81F65 /* Pods-AIQKit-Example.release_fromscanner.xcconfig */;
			buildSettings = {
				ASSETCATALOG_COMPILER_APPICON_NAME = AppIcon;
				CODE_SIGN_IDENTITY = "iPhone Developer";
				DEVELOPMENT_TEAM = 9F5S9B68X4;
				ENABLE_BITCODE = NO;
				INFOPLIST_FILE = "AIQKit-Example/Info.plist";
				LD_RUNPATH_SEARCH_PATHS = "$(inherited) @executable_path/Frameworks";
				PRODUCT_BUNDLE_IDENTIFIER = "tech.aiq.AIQKit-Example-FromScanner";
				PRODUCT_NAME = "$(TARGET_NAME)";
			};
			name = Release_FromScanner;
		};
		41785501205F97FD00B8E294 /* Debug_FromPhotoAlbum */ = {
			isa = XCBuildConfiguration;
			buildSettings = {
				ALWAYS_SEARCH_USER_PATHS = NO;
				Bundle_Display_Name = AIQKit_PhotosAlbum;
				Bundle_ID = "tech.aiq.AIQKit-Example.FromPhotos";
				CLANG_CXX_LANGUAGE_STANDARD = "gnu++0x";
				CLANG_CXX_LIBRARY = "libc++";
				CLANG_ENABLE_MODULES = YES;
				CLANG_ENABLE_OBJC_ARC = YES;
				CLANG_WARN_BOOL_CONVERSION = YES;
				CLANG_WARN_CONSTANT_CONVERSION = YES;
				CLANG_WARN_DIRECT_OBJC_ISA_USAGE = YES_ERROR;
				CLANG_WARN_EMPTY_BODY = YES;
				CLANG_WARN_ENUM_CONVERSION = YES;
				CLANG_WARN_INFINITE_RECURSION = YES;
				CLANG_WARN_INT_CONVERSION = YES;
				CLANG_WARN_OBJC_ROOT_CLASS = YES_ERROR;
				CLANG_WARN_SUSPICIOUS_MOVE = YES;
				CLANG_WARN_UNREACHABLE_CODE = YES;
				CLANG_WARN__DUPLICATE_METHOD_MATCH = YES;
				"CODE_SIGN_IDENTITY[sdk=iphoneos*]" = "iPhone Developer";
				COPY_PHASE_STRIP = NO;
				DEBUG_INFORMATION_FORMAT = "dwarf-with-dsym";
				ENABLE_STRICT_OBJC_MSGSEND = YES;
				ENABLE_TESTABILITY = YES;
				GCC_C_LANGUAGE_STANDARD = gnu99;
				GCC_DYNAMIC_NO_PIC = NO;
				GCC_NO_COMMON_BLOCKS = YES;
				GCC_OPTIMIZATION_LEVEL = 0;
				GCC_PREPROCESSOR_DEFINITIONS = (
					"DEBUG=1",
					"$(inherited)",
					"IMAGESOURCE=\"$(IMAGE_SOURCE)\"",
				);
				GCC_SYMBOLS_PRIVATE_EXTERN = NO;
				GCC_WARN_64_TO_32_BIT_CONVERSION = YES;
				GCC_WARN_ABOUT_RETURN_TYPE = YES_ERROR;
				GCC_WARN_UNDECLARED_SELECTOR = YES;
				GCC_WARN_UNINITIALIZED_AUTOS = YES_AGGRESSIVE;
				GCC_WARN_UNUSED_FUNCTION = YES;
				GCC_WARN_UNUSED_VARIABLE = YES;
				IMAGE_SOURCE = 2;
				IPHONEOS_DEPLOYMENT_TARGET = 8.3;
				MTL_ENABLE_DEBUG_INFO = YES;
				ONLY_ACTIVE_ARCH = YES;
				SDKROOT = iphoneos;
			};
			name = Debug_FromPhotoAlbum;
		};
		41785502205F97FD00B8E294 /* Debug_FromPhotoAlbum */ = {
			isa = XCBuildConfiguration;
			baseConfigurationReference = 78119DC4B6E9CE255BDDA42D /* Pods-AIQKit-Example.debug_fromphotoalbum.xcconfig */;
			buildSettings = {
				ASSETCATALOG_COMPILER_APPICON_NAME = AppIcon;
				CODE_SIGN_IDENTITY = "iPhone Developer";
				DEVELOPMENT_TEAM = 9F5S9B68X4;
				ENABLE_BITCODE = NO;
				INFOPLIST_FILE = "AIQKit-Example/Info.plist";
				LD_RUNPATH_SEARCH_PATHS = "$(inherited) @executable_path/Frameworks";
				PRODUCT_BUNDLE_IDENTIFIER = "tech.aiq.AIQKit-Example-FromPhotos";
				PRODUCT_NAME = "$(TARGET_NAME)";
			};
			name = Debug_FromPhotoAlbum;
		};
		41785503205F980700B8E294 /* Release_FromPhotoAlbum */ = {
			isa = XCBuildConfiguration;
			buildSettings = {
				ALWAYS_SEARCH_USER_PATHS = NO;
				Bundle_Display_Name = AIQKit_PhotosAlbum;
				Bundle_ID = "tech.aiq.AIQKit-Example.FromPhotos";
				CLANG_CXX_LANGUAGE_STANDARD = "gnu++0x";
				CLANG_CXX_LIBRARY = "libc++";
				CLANG_ENABLE_MODULES = YES;
				CLANG_ENABLE_OBJC_ARC = YES;
				CLANG_WARN_BOOL_CONVERSION = YES;
				CLANG_WARN_CONSTANT_CONVERSION = YES;
				CLANG_WARN_DIRECT_OBJC_ISA_USAGE = YES_ERROR;
				CLANG_WARN_EMPTY_BODY = YES;
				CLANG_WARN_ENUM_CONVERSION = YES;
				CLANG_WARN_INFINITE_RECURSION = YES;
				CLANG_WARN_INT_CONVERSION = YES;
				CLANG_WARN_OBJC_ROOT_CLASS = YES_ERROR;
				CLANG_WARN_SUSPICIOUS_MOVE = YES;
				CLANG_WARN_UNREACHABLE_CODE = YES;
				CLANG_WARN__DUPLICATE_METHOD_MATCH = YES;
				"CODE_SIGN_IDENTITY[sdk=iphoneos*]" = "iPhone Distribution";
				COPY_PHASE_STRIP = NO;
				DEBUG_INFORMATION_FORMAT = "dwarf-with-dsym";
				ENABLE_NS_ASSERTIONS = NO;
				ENABLE_STRICT_OBJC_MSGSEND = YES;
				GCC_C_LANGUAGE_STANDARD = gnu99;
				GCC_NO_COMMON_BLOCKS = YES;
				GCC_PREPROCESSOR_DEFINITIONS = "IMAGESOURCE=\"$(IMAGE_SOURCE)\"";
				GCC_WARN_64_TO_32_BIT_CONVERSION = YES;
				GCC_WARN_ABOUT_RETURN_TYPE = YES_ERROR;
				GCC_WARN_UNDECLARED_SELECTOR = YES;
				GCC_WARN_UNINITIALIZED_AUTOS = YES_AGGRESSIVE;
				GCC_WARN_UNUSED_FUNCTION = YES;
				GCC_WARN_UNUSED_VARIABLE = YES;
				IMAGE_SOURCE = 2;
				IPHONEOS_DEPLOYMENT_TARGET = 8.3;
				MTL_ENABLE_DEBUG_INFO = NO;
				SDKROOT = iphoneos;
				VALIDATE_PRODUCT = YES;
			};
			name = Release_FromPhotoAlbum;
		};
		41785504205F980700B8E294 /* Release_FromPhotoAlbum */ = {
			isa = XCBuildConfiguration;
			baseConfigurationReference = 0DEC7EB3985064501B10D23E /* Pods-AIQKit-Example.release_fromphotoalbum.xcconfig */;
			buildSettings = {
				ASSETCATALOG_COMPILER_APPICON_NAME = AppIcon;
				CODE_SIGN_IDENTITY = "iPhone Developer";
				DEVELOPMENT_TEAM = 9F5S9B68X4;
				ENABLE_BITCODE = NO;
				INFOPLIST_FILE = "AIQKit-Example/Info.plist";
				LD_RUNPATH_SEARCH_PATHS = "$(inherited) @executable_path/Frameworks";
				PRODUCT_BUNDLE_IDENTIFIER = "tech.aiq.AIQKit-Example-FromPhotos";
				PRODUCT_NAME = "$(TARGET_NAME)";
			};
			name = Release_FromPhotoAlbum;
		};
		7C6AAD0C1AF85499004D52A7 /* Debug_FromCamera */ = {
			isa = XCBuildConfiguration;
			buildSettings = {
				ALWAYS_SEARCH_USER_PATHS = NO;
				Bundle_Display_Name = AIQKit_Camera;
				Bundle_ID = "tech.aiq.AIQKit-Example.FromCamera";
				CLANG_CXX_LANGUAGE_STANDARD = "gnu++0x";
				CLANG_CXX_LIBRARY = "libc++";
				CLANG_ENABLE_MODULES = YES;
				CLANG_ENABLE_OBJC_ARC = YES;
				CLANG_WARN_BOOL_CONVERSION = YES;
				CLANG_WARN_CONSTANT_CONVERSION = YES;
				CLANG_WARN_DIRECT_OBJC_ISA_USAGE = YES_ERROR;
				CLANG_WARN_EMPTY_BODY = YES;
				CLANG_WARN_ENUM_CONVERSION = YES;
				CLANG_WARN_INFINITE_RECURSION = YES;
				CLANG_WARN_INT_CONVERSION = YES;
				CLANG_WARN_OBJC_ROOT_CLASS = YES_ERROR;
				CLANG_WARN_SUSPICIOUS_MOVE = YES;
				CLANG_WARN_UNREACHABLE_CODE = YES;
				CLANG_WARN__DUPLICATE_METHOD_MATCH = YES;
				"CODE_SIGN_IDENTITY[sdk=iphoneos*]" = "iPhone Developer";
				COPY_PHASE_STRIP = NO;
				DEBUG_INFORMATION_FORMAT = "dwarf-with-dsym";
				ENABLE_STRICT_OBJC_MSGSEND = YES;
				ENABLE_TESTABILITY = YES;
				GCC_C_LANGUAGE_STANDARD = gnu99;
				GCC_DYNAMIC_NO_PIC = NO;
				GCC_NO_COMMON_BLOCKS = YES;
				GCC_OPTIMIZATION_LEVEL = 0;
				GCC_PREPROCESSOR_DEFINITIONS = (
					"DEBUG=1",
					"$(inherited)",
					"IMAGESOURCE=\"$(IMAGE_SOURCE)\"",
				);
				GCC_SYMBOLS_PRIVATE_EXTERN = NO;
				GCC_WARN_64_TO_32_BIT_CONVERSION = YES;
				GCC_WARN_ABOUT_RETURN_TYPE = YES_ERROR;
				GCC_WARN_UNDECLARED_SELECTOR = YES;
				GCC_WARN_UNINITIALIZED_AUTOS = YES_AGGRESSIVE;
				GCC_WARN_UNUSED_FUNCTION = YES;
				GCC_WARN_UNUSED_VARIABLE = YES;
				IMAGE_SOURCE = 1;
				IPHONEOS_DEPLOYMENT_TARGET = 8.3;
				MTL_ENABLE_DEBUG_INFO = YES;
				ONLY_ACTIVE_ARCH = YES;
				SDKROOT = iphoneos;
			};
			name = Debug_FromCamera;
		};
		7C6AAD0D1AF85499004D52A7 /* Release_FromCamera */ = {
			isa = XCBuildConfiguration;
			buildSettings = {
				ALWAYS_SEARCH_USER_PATHS = NO;
				Bundle_Display_Name = AIQKit_Camera;
				Bundle_ID = "tech.aiq.AIQKit-Example.FromCamera";
				CLANG_CXX_LANGUAGE_STANDARD = "gnu++0x";
				CLANG_CXX_LIBRARY = "libc++";
				CLANG_ENABLE_MODULES = YES;
				CLANG_ENABLE_OBJC_ARC = YES;
				CLANG_WARN_BOOL_CONVERSION = YES;
				CLANG_WARN_CONSTANT_CONVERSION = YES;
				CLANG_WARN_DIRECT_OBJC_ISA_USAGE = YES_ERROR;
				CLANG_WARN_EMPTY_BODY = YES;
				CLANG_WARN_ENUM_CONVERSION = YES;
				CLANG_WARN_INFINITE_RECURSION = YES;
				CLANG_WARN_INT_CONVERSION = YES;
				CLANG_WARN_OBJC_ROOT_CLASS = YES_ERROR;
				CLANG_WARN_SUSPICIOUS_MOVE = YES;
				CLANG_WARN_UNREACHABLE_CODE = YES;
				CLANG_WARN__DUPLICATE_METHOD_MATCH = YES;
				"CODE_SIGN_IDENTITY[sdk=iphoneos*]" = "iPhone Distribution";
				COPY_PHASE_STRIP = NO;
				DEBUG_INFORMATION_FORMAT = "dwarf-with-dsym";
				ENABLE_NS_ASSERTIONS = NO;
				ENABLE_STRICT_OBJC_MSGSEND = YES;
				GCC_C_LANGUAGE_STANDARD = gnu99;
				GCC_NO_COMMON_BLOCKS = YES;
				GCC_PREPROCESSOR_DEFINITIONS = "IMAGESOURCE=\"$(IMAGE_SOURCE)\"";
				GCC_WARN_64_TO_32_BIT_CONVERSION = YES;
				GCC_WARN_ABOUT_RETURN_TYPE = YES_ERROR;
				GCC_WARN_UNDECLARED_SELECTOR = YES;
				GCC_WARN_UNINITIALIZED_AUTOS = YES_AGGRESSIVE;
				GCC_WARN_UNUSED_FUNCTION = YES;
				GCC_WARN_UNUSED_VARIABLE = YES;
				IMAGE_SOURCE = 1;
				IPHONEOS_DEPLOYMENT_TARGET = 8.3;
				MTL_ENABLE_DEBUG_INFO = NO;
				SDKROOT = iphoneos;
				VALIDATE_PRODUCT = YES;
			};
			name = Release_FromCamera;
		};
		7C6AAD0F1AF85499004D52A7 /* Debug_FromCamera */ = {
			isa = XCBuildConfiguration;
			baseConfigurationReference = B012C4401B0EA5DC22B2F871 /* Pods-AIQKit-Example.debug_fromcamera.xcconfig */;
			buildSettings = {
				ASSETCATALOG_COMPILER_APPICON_NAME = AppIcon;
				CODE_SIGN_IDENTITY = "iPhone Developer";
				DEVELOPMENT_TEAM = 9F5S9B68X4;
				ENABLE_BITCODE = NO;
				INFOPLIST_FILE = "AIQKit-Example/Info.plist";
				LD_RUNPATH_SEARCH_PATHS = "$(inherited) @executable_path/Frameworks";
				PRODUCT_BUNDLE_IDENTIFIER = "tech.aiq.AIQKit-Example-FromCamera";
				PRODUCT_NAME = "$(TARGET_NAME)";
			};
			name = Debug_FromCamera;
		};
		7C6AAD101AF85499004D52A7 /* Release_FromCamera */ = {
			isa = XCBuildConfiguration;
			baseConfigurationReference = B82DBA97002BBF400BD122E9 /* Pods-AIQKit-Example.release_fromcamera.xcconfig */;
			buildSettings = {
				ASSETCATALOG_COMPILER_APPICON_NAME = AppIcon;
				CODE_SIGN_IDENTITY = "iPhone Developer";
				DEVELOPMENT_TEAM = 9F5S9B68X4;
				ENABLE_BITCODE = NO;
				INFOPLIST_FILE = "AIQKit-Example/Info.plist";
				LD_RUNPATH_SEARCH_PATHS = "$(inherited) @executable_path/Frameworks";
				PRODUCT_BUNDLE_IDENTIFIER = "tech.aiq.AIQKit-Example-FromCamera";
				PRODUCT_NAME = "$(TARGET_NAME)";
			};
			name = Release_FromCamera;
		};
/* End XCBuildConfiguration section */

/* Begin XCConfigurationList section */
		7C6AACE61AF85499004D52A7 /* Build configuration list for PBXProject "AIQKit-Example" */ = {
			isa = XCConfigurationList;
			buildConfigurations = (
				7C6AAD0C1AF85499004D52A7 /* Debug_FromCamera */,
				41785501205F97FD00B8E294 /* Debug_FromPhotoAlbum */,
				417854FD205F97CF00B8E294 /* Debug_FromScanner */,
				7C6AAD0D1AF85499004D52A7 /* Release_FromCamera */,
				41785503205F980700B8E294 /* Release_FromPhotoAlbum */,
				417854FF205F97E800B8E294 /* Release_FromScanner */,
			);
			defaultConfigurationIsVisible = 0;
			defaultConfigurationName = Release_FromCamera;
		};
		7C6AAD0E1AF85499004D52A7 /* Build configuration list for PBXNativeTarget "AIQKit-Example" */ = {
			isa = XCConfigurationList;
			buildConfigurations = (
				7C6AAD0F1AF85499004D52A7 /* Debug_FromCamera */,
				41785502205F97FD00B8E294 /* Debug_FromPhotoAlbum */,
				417854FE205F97CF00B8E294 /* Debug_FromScanner */,
				7C6AAD101AF85499004D52A7 /* Release_FromCamera */,
				41785504205F980700B8E294 /* Release_FromPhotoAlbum */,
				41785500205F97E800B8E294 /* Release_FromScanner */,
			);
			defaultConfigurationIsVisible = 0;
			defaultConfigurationName = Release_FromCamera;
		};
/* End XCConfigurationList section */
	};
	rootObject = 7C6AACE31AF85499004D52A7 /* Project object */;
}
